// !$*UTF8*$!
{
	archiveVersion = 1;
	classes = {
	};
	objectVersion = 50;
	objects = {

/* Begin PBXBuildFile section */
		69C4606E25076C310071CFCE /* AppDelegate.swift in Sources */ = {isa = PBXBuildFile; fileRef = 69C4606D25076C310071CFCE /* AppDelegate.swift */; };
		69C4607025076C310071CFCE /* SceneDelegate.swift in Sources */ = {isa = PBXBuildFile; fileRef = 69C4606F25076C310071CFCE /* SceneDelegate.swift */; };
		69C4607225076C310071CFCE /* ContentView.swift in Sources */ = {isa = PBXBuildFile; fileRef = 69C4607125076C310071CFCE /* ContentView.swift */; };
		69C4607425076C330071CFCE /* Assets.xcassets in Resources */ = {isa = PBXBuildFile; fileRef = 69C4607325076C330071CFCE /* Assets.xcassets */; };
		69C4607725076C330071CFCE /* Preview Assets.xcassets in Resources */ = {isa = PBXBuildFile; fileRef = 69C4607625076C330071CFCE /* Preview Assets.xcassets */; };
		69C4607A25076C330071CFCE /* LaunchScreen.storyboard in Resources */ = {isa = PBXBuildFile; fileRef = 69C4607825076C330071CFCE /* LaunchScreen.storyboard */; };
/* End PBXBuildFile section */

/* Begin PBXFileReference section */
		69C4606A25076C310071CFCE /* SwiftUITableView_sample.app */ = {isa = PBXFileReference; explicitFileType = wrapper.application; includeInIndex = 0; path = SwiftUITableView_sample.app; sourceTree = BUILT_PRODUCTS_DIR; };
		69C4606D25076C310071CFCE /* AppDelegate.swift */ = {isa = PBXFileReference; lastKnownFileType = sourcecode.swift; path = AppDelegate.swift; sourceTree = "<group>"; };
		69C4606F25076C310071CFCE /* SceneDelegate.swift */ = {isa = PBXFileReference; lastKnownFileType = sourcecode.swift; path = SceneDelegate.swift; sourceTree = "<group>"; };
		69C4607125076C310071CFCE /* ContentView.swift */ = {isa = PBXFileReference; lastKnownFileType = sourcecode.swift; path = ContentView.swift; sourceTree = "<group>"; };
		69C4607325076C330071CFCE /* Assets.xcassets */ = {isa = PBXFileReference; lastKnownFileType = folder.assetcatalog; path = Assets.xcassets; sourceTree = "<group>"; };
		69C4607625076C330071CFCE /* Preview Assets.xcassets */ = {isa = PBXFileReference; lastKnownFileType = folder.assetcatalog; path = "Preview Assets.xcassets"; sourceTree = "<group>"; };
		69C4607925076C330071CFCE /* Base */ = {isa = PBXFileReference; lastKnownFileType = file.storyboard; name = Base; path = Base.lproj/LaunchScreen.storyboard; sourceTree = "<group>"; };
		69C4607B25076C330071CFCE /* Info.plist */ = {isa = PBXFileReference; lastKnownFileType = text.plist.xml; path = Info.plist; sourceTree = "<group>"; };
/* End PBXFileReference section */

/* Begin PBXFrameworksBuildPhase section */
		69C4606725076C310071CFCE /* Frameworks */ = {
			isa = PBXFrameworksBuildPhase;
			buildActionMask = 2147483647;
			files = (
			);
			runOnlyForDeploymentPostprocessing = 0;
		};
/* End PBXFrameworksBuildPhase section */

/* Begin PBXGroup section */
		69C4606125076C310071CFCE = {
			isa = PBXGroup;
			children = (
				69C4606C25076C310071CFCE /* SwiftUITableView_sample */,
				69C4606B25076C310071CFCE /* Products */,
			);
			sourceTree = "<group>";
		};
		69C4606B25076C310071CFCE /* Products */ = {
			isa = PBXGroup;
			children = (
				69C4606A25076C310071CFCE /* SwiftUITableView_sample.app */,
			);
			name = Products;
			sourceTree = "<group>";
		};
		69C4606C25076C310071CFCE /* SwiftUITableView_sample */ = {
			isa = PBXGroup;
			children = (
				69C4606D25076C310071CFCE /* AppDelegate.swift */,
				69C4606F25076C310071CFCE /* SceneDelegate.swift */,
				69C4607125076C310071CFCE /* ContentView.swift */,
				69C4607325076C330071CFCE /* Assets.xcassets */,
				69C4607825076C330071CFCE /* LaunchScreen.storyboard */,
				69C4607B25076C330071CFCE /* Info.plist */,
				69C4607525076C330071CFCE /* Preview Content */,
			);
			path = SwiftUITableView_sample;
			sourceTree = "<group>";
		};
		69C4607525076C330071CFCE /* Preview Content */ = {
			isa = PBXGroup;
			children = (
				69C4607625076C330071CFCE /* Preview Assets.xcassets */,
			);
			path = "Preview Content";
			sourceTree = "<group>";
		};
/* End PBXGroup section */

/* Begin PBXNativeTarget section */
		69C4606925076C310071CFCE /* SwiftUITableView_sample */ = {
			isa = PBXNativeTarget;
			buildConfigurationList = 69C4607E25076C330071CFCE /* Build configuration list for PBXNativeTarget "SwiftUITableView_sample" */;
			buildPhases = (
				69C4606625076C310071CFCE /* Sources */,
				69C4606725076C310071CFCE /* Frameworks */,
				69C4606825076C310071CFCE /* Resources */,
			);
			buildRules = (
			);
			dependencies = (
			);
			name = SwiftUITableView_sample;
			productName = SwiftUITableView_sample;
			productReference = 69C4606A25076C310071CFCE /* SwiftUITableView_sample.app */;
			productType = "com.apple.product-type.application";
		};
/* End PBXNativeTarget section */

/* Begin PBXProject section */
		69C4606225076C310071CFCE /* Project object */ = {
			isa = PBXProject;
			attributes = {
				LastSwiftUpdateCheck = 1170;
				LastUpgradeCheck = 1170;
				ORGANIZATIONNAME = "Masato Miyai";
				TargetAttributes = {
					69C4606925076C310071CFCE = {
						CreatedOnToolsVersion = 11.7;
					};
				};
			};
			buildConfigurationList = 69C4606525076C310071CFCE /* Build configuration list for PBXProject "SwiftUITableView_sample" */;
			compatibilityVersion = "Xcode 9.3";
			developmentRegion = en;
			hasScannedForEncodings = 0;
			knownRegions = (
				en,
				Base,
			);
			mainGroup = 69C4606125076C310071CFCE;
			productRefGroup = 69C4606B25076C310071CFCE /* Products */;
			projectDirPath = "";
			projectRoot = "";
			targets = (
				69C4606925076C310071CFCE /* SwiftUITableView_sample */,
			);
		};
/* End PBXProject section */

/* Begin PBXResourcesBuildPhase section */
		69C4606825076C310071CFCE /* Resources */ = {
			isa = PBXResourcesBuildPhase;
			buildActionMask = 2147483647;
			files = (
				69C4607A25076C330071CFCE /* LaunchScreen.storyboard in Resources */,
				69C4607725076C330071CFCE /* Preview Assets.xcassets in Resources */,
				69C4607425076C330071CFCE /* Assets.xcassets in Resources */,
			);
			runOnlyForDeploymentPostprocessing = 0;
		};
/* End PBXResourcesBuildPhase section */

/* Begin PBXSourcesBuildPhase section */
		69C4606625076C310071CFCE /* Sources */ = {
			isa = PBXSourcesBuildPhase;
			buildActionMask = 2147483647;
			files = (
				69C4606E25076C310071CFCE /* AppDelegate.swift in Sources */,
				69C4607025076C310071CFCE /* SceneDelegate.swift in Sources */,
				69C4607225076C310071CFCE /* ContentView.swift in Sources */,
			);
			runOnlyForDeploymentPostprocessing = 0;
		};
/* End PBXSourcesBuildPhase section */

/* Begin PBXVariantGroup section */
		69C4607825076C330071CFCE /* LaunchScreen.storyboard */ = {
			isa = PBXVariantGroup;
			children = (
				69C4607925076C330071CFCE /* Base */,
			);
			name = LaunchScreen.storyboard;
			sourceTree = "<group>";
		};
/* End PBXVariantGroup section */

/* Begin XCBuildConfiguration section */
		69C4607C25076C330071CFCE /* Debug */ = {
			isa = XCBuildConfiguration;
			buildSettings = {
				ALWAYS_SEARCH_USER_PATHS = NO;
				CLANG_ANALYZER_NONNULL = YES;
				CLANG_ANALYZER_NUMBER_OBJECT_CONVERSION = YES_AGGRESSIVE;
				CLANG_CXX_LANGUAGE_STANDARD = "gnu++14";
				CLANG_CXX_LIBRARY = "libc++";
				CLANG_ENABLE_MODULES = YES;
				CLANG_ENABLE_OBJC_ARC = YES;
				CLANG_ENABLE_OBJC_WEAK = YES;
				CLANG_WARN_BLOCK_CAPTURE_AUTORELEASING = YES;
				CLANG_WARN_BOOL_CONVERSION = YES;
				CLANG_WARN_COMMA = YES;
				CLANG_WARN_CONSTANT_CONVERSION = YES;
				CLANG_WARN_DEPRECATED_OBJC_IMPLEMENTATIONS = YES;
				CLANG_WARN_DIRECT_OBJC_ISA_USAGE = YES_ERROR;
				CLANG_WARN_DOCUMENTATION_COMMENTS = YES;
				CLANG_WARN_EMPTY_BODY = YES;
				CLANG_WARN_ENUM_CONVERSION = YES;
				CLANG_WARN_INFINITE_RECURSION = YES;
				CLANG_WARN_INT_CONVERSION = YES;
				CLANG_WARN_NON_LITERAL_NULL_CONVERSION = YES;
				CLANG_WARN_OBJC_IMPLICIT_RETAIN_SELF = YES;
				CLANG_WARN_OBJC_LITERAL_CONVERSION = YES;
				CLANG_WARN_OBJC_ROOT_CLASS = YES_ERROR;
				CLANG_WARN_RANGE_LOOP_ANALYSIS = YES;
				CLANG_WARN_STRICT_PROTOTYPES = YES;
				CLANG_WARN_SUSPICIOUS_MOVE = YES;
				CLANG_WARN_UNGUARDED_AVAILABILITY = YES_AGGRESSIVE;
				CLANG_WARN_UNREACHABLE_CODE = YES;
				CLANG_WARN__DUPLICATE_METHOD_MATCH = YES;
				COPY_PHASE_STRIP = NO;
				DEBUG_INFORMATION_FORMAT = dwarf;
				ENABLE_STRICT_OBJC_MSGSEND = YES;
				ENABLE_TESTABILITY = YES;
				GCC_C_LANGUAGE_STANDARD = gnu11;
				GCC_DYNAMIC_NO_PIC = NO;
				GCC_NO_COMMON_BLOCKS = YES;
				GCC_OPTIMIZATION_LEVEL = 0;
				GCC_PREPROCESSOR_DEFINITIONS = (
					"DEBUG=1",
					"$(inherited)",
				);
				GCC_WARN_64_TO_32_BIT_CONVERSION = YES;
				GCC_WARN_ABOUT_RETURN_TYPE = YES_ERROR;
				GCC_WARN_UNDECLARED_SELECTOR = YES;
				GCC_WARN_UNINITIALIZED_AUTOS = YES_AGGRESSIVE;
				GCC_WARN_UNUSED_FUNCTION = YES;
				GCC_WARN_UNUSED_VARIABLE = YES;
				IPHONEOS_DEPLOYMENT_TARGET = 13.7;
				MTL_ENABLE_DEBUG_INFO = INCLUDE_SOURCE;
				MTL_FAST_MATH = YES;
				ONLY_ACTIVE_ARCH = YES;
				SDKROOT = iphoneos;
				SWIFT_ACTIVE_COMPILATION_CONDITIONS = DEBUG;
				SWIFT_OPTIMIZATION_LEVEL = "-Onone";
			};
			name = Debug;
		};
		69C4607D25076C330071CFCE /* Release */ = {
			isa = XCBuildConfiguration;
			buildSettings = {
				ALWAYS_SEARCH_USER_PATHS = NO;
				CLANG_ANALYZER_NONNULL = YES;
				CLANG_ANALYZER_NUMBER_OBJECT_CONVERSION = YES_AGGRESSIVE;
				CLANG_CXX_LANGUAGE_STANDARD = "gnu++14";
				CLANG_CXX_LIBRARY = "libc++";
				CLANG_ENABLE_MODULES = YES;
				CLANG_ENABLE_OBJC_ARC = YES;
				CLANG_ENABLE_OBJC_WEAK = YES;
				CLANG_WARN_BLOCK_CAPTURE_AUTORELEASING = YES;
				CLANG_WARN_BOOL_CONVERSION = YES;
				CLANG_WARN_COMMA = YES;
				CLANG_WARN_CONSTANT_CONVERSION = YES;
				CLANG_WARN_DEPRECATED_OBJC_IMPLEMENTATIONS = YES;
				CLANG_WARN_DIRECT_OBJC_ISA_USAGE = YES_ERROR;
				CLANG_WARN_DOCUMENTATION_COMMENTS = YES;
				CLANG_WARN_EMPTY_BODY = YES;
				CLANG_WARN_ENUM_CONVERSION = YES;
				CLANG_WARN_INFINITE_RECURSION = YES;
				CLANG_WARN_INT_CONVERSION = YES;
				CLANG_WARN_NON_LITERAL_NULL_CONVERSION = YES;
				CLANG_WARN_OBJC_IMPLICIT_RETAIN_SELF = YES;
				CLANG_WARN_OBJC_LITERAL_CONVERSION = YES;
				CLANG_WARN_OBJC_ROOT_CLASS = YES_ERROR;
				CLANG_WARN_RANGE_LOOP_ANALYSIS = YES;
				CLANG_WARN_STRICT_PROTOTYPES = YES;
				CLANG_WARN_SUSPICIOUS_MOVE = YES;
				CLANG_WARN_UNGUARDED_AVAILABILITY = YES_AGGRESSIVE;
				CLANG_WARN_UNREACHABLE_CODE = YES;
				CLANG_WARN__DUPLICATE_METHOD_MATCH = YES;
				COPY_PHASE_STRIP = NO;
				DEBUG_INFORMATION_FORMAT = "dwarf-with-dsym";
				ENABLE_NS_ASSERTIONS = NO;
				ENABLE_STRICT_OBJC_MSGSEND = YES;
				GCC_C_LANGUAGE_STANDARD = gnu11;
				GCC_NO_COMMON_BLOCKS = YES;
				GCC_WARN_64_TO_32_BIT_CONVERSION = YES;
				GCC_WARN_ABOUT_RETURN_TYPE = YES_ERROR;
				GCC_WARN_UNDECLARED_SELECTOR = YES;
				GCC_WARN_UNINITIALIZED_AUTOS = YES_AGGRESSIVE;
				GCC_WARN_UNUSED_FUNCTION = YES;
				GCC_WARN_UNUSED_VARIABLE = YES;
				IPHONEOS_DEPLOYMENT_TARGET = 13.7;
				MTL_ENABLE_DEBUG_INFO = NO;
				MTL_FAST_MATH = YES;
				SDKROOT = iphoneos;
				SWIFT_COMPILATION_MODE = wholemodule;
				SWIFT_OPTIMIZATION_LEVEL = "-O";
				VALIDATE_PRODUCT = YES;
			};
			name = Release;
		};
		69C4607F25076C330071CFCE /* Debug */ = {
			isa = XCBuildConfiguration;
			buildSettings = {
				ASSETCATALOG_COMPILER_APPICON_NAME = AppIcon;
				CODE_SIGN_STYLE = Automatic;
				DEVELOPMENT_ASSET_PATHS = "\"SwiftUITableView_sample/Preview Content\"";
				DEVELOPMENT_TEAM = K5T37M7ZUW;
				ENABLE_PREVIEWS = YES;
				INFOPLIST_FILE = SwiftUITableView_sample/Info.plist;
				LD_RUNPATH_SEARCH_PATHS = (
					"$(inherited)",
					"@executable_path/Frameworks",
				);
				PRODUCT_BUNDLE_IDENTIFIER = "com.gigmuster.SwiftUITableView-sample";
				PRODUCT_NAME = "$(TARGET_NAME)";
				SWIFT_VERSION = 5.0;
				TARGETED_DEVICE_FAMILY = "1,2";
			};
			name = Debug;
		};
		69C4608025076C330071CFCE /* Release */ = {
			isa = XCBuildConfiguration;
			buildSettings = {
				ASSETCATALOG_COMPILER_APPICON_NAME = AppIcon;
				CODE_SIGN_STYLE = Automatic;
				DEVELOPMENT_ASSET_PATHS = "\"SwiftUITableView_sample/Preview Content\"";
				DEVELOPMENT_TEAM = K5T37M7ZUW;
				ENABLE_PREVIEWS = YES;
				INFOPLIST_FILE = SwiftUITableView_sample/Info.plist;
				LD_RUNPATH_SEARCH_PATHS = (
					"$(inherited)",
					"@executable_path/Frameworks",
				);
				PRODUCT_BUNDLE_IDENTIFIER = "com.gigmuster.SwiftUITableView-sample";
				PRODUCT_NAME = "$(TARGET_NAME)";
				SWIFT_VERSION = 5.0;
				TARGETED_DEVICE_FAMILY = "1,2";
			};
			name = Release;
		};
/* End XCBuildConfiguration section */

/* Begin XCConfigurationList section */
		69C4606525076C310071CFCE /* Build configuration list for PBXProject "SwiftUITableView_sample" */ = {
			isa = XCConfigurationList;
			buildConfigurations = (
				69C4607C25076C330071CFCE /* Debug */,
				69C4607D25076C330071CFCE /* Release */,
			);
			defaultConfigurationIsVisible = 0;
			defaultConfigurationName = Release;
		};
		69C4607E25076C330071CFCE /* Build configuration list for PBXNativeTarget "SwiftUITableView_sample" */ = {
			isa = XCConfigurationList;
			buildConfigurations = (
				69C4607F25076C330071CFCE /* Debug */,
				69C4608025076C330071CFCE /* Release */,
			);
			defaultConfigurationIsVisible = 0;
			defaultConfigurationName = Release;
		};
/* End XCConfigurationList section */
	};
	rootObject = 69C4606225076C310071CFCE /* Project object */;
}
